
Microsoft Visual Studio Solution File, Format Version 12.00
# Visual Studio Version 17
VisualStudioVersion = 17.6.33723.286
MinimumVisualStudioVersion = 10.0.40219.1
Project("{FAE04EC0-301F-11D3-BF4B-00C04F79EFBC}") = "AzureSB", "AzureSB\AzureSB.csproj", "{B0C7AA66-A68A-412F-BEDC-9C54BD75ABE4}"
EndProject
Project("{FAE04EC0-301F-11D3-BF4B-00C04F79EFBC}") = "QueueSender", "QueueSender\QueueSender.csproj", "{9B4BDB11-CE3C-4162-8524-17D0F4EC4211}"
EndProject
Global
	GlobalSection(SolutionConfigurationPlatforms) = preSolution
		Debug|Any CPU = Debug|Any CPU
		Release|Any CPU = Release|Any CPU
	EndGlobalSection
	GlobalSection(ProjectConfigurationPlatforms) = postSolution
		{B0C7AA66-A68A-412F-BEDC-9C54BD75ABE4}.Debug|Any CPU.ActiveCfg = Debug|Any CPU
		{B0C7AA66-A68A-412F-BEDC-9C54BD75ABE4}.Debug|Any CPU.Build.0 = Debug|Any CPU
		{B0C7AA66-A68A-412F-BEDC-9C54BD75ABE4}.Release|Any CPU.ActiveCfg = Release|Any CPU
		{B0C7AA66-A68A-412F-BEDC-9C54BD75ABE4}.Release|Any CPU.Build.0 = Release|Any CPU
		{9B4BDB11-CE3C-4162-8524-17D0F4EC4211}.Debug|Any CPU.ActiveCfg = Debug|Any CPU
		{9B4BDB11-CE3C-4162-8524-17D0F4EC4211}.Debug|Any CPU.Build.0 = Debug|Any CPU
		{9B4BDB11-CE3C-4162-8524-17D0F4EC4211}.Release|Any CPU.ActiveCfg = Release|Any CPU
		{9B4BDB11-CE3C-4162-8524-17D0F4EC4211}.Release|Any CPU.Build.0 = Release|Any CPU
	EndGlobalSection
	GlobalSection(SolutionProperties) = preSolution
		HideSolutionNode = FALSE
	EndGlobalSection
	GlobalSection(ExtensibilityGlobals) = postSolution
		SolutionGuid = {8335B40D-60FA-4A2E-BC09-FEAF1C9F751A}
	EndGlobalSection
EndGlobal
